# This file is generated by running "yarn install" inside your project.
# Manual changes might be lost - proceed with caution!

__metadata:
  version: 6
  cacheKey: 8

"@devexpress/dx-chart-core@npm:4.0.8":
  version: 4.0.8
  resolution: "@devexpress/dx-chart-core@npm:4.0.8"
  dependencies:
    d3-array: ^2.4.0
    d3-scale: ^4.0.2
    d3-shape: ^1.3.7
  peerDependencies:
    "@devexpress/dx-core": 4.0.8
  checksum: 8751479af61af7a4d6e85bd7b0b170b62112e3e9bb58fff37e8f3a6614862d1248f69c5d6d693b8df24cbc2b3dbb6a287e93f6f3904442e7660bcf890a3d4b3e
  languageName: node
  linkType: hard

"@devexpress/dx-core@npm:4.0.8":
  version: 4.0.8
  resolution: "@devexpress/dx-core@npm:4.0.8"
  checksum: eea77d7586348db8ccd33bcc044c2cfa0149bd41e215d42952efceef260a601576473c06f80f4f00a9fbb72a1af3e44c868aada7d961b6478470e93c7776e8ae
  languageName: node
  linkType: hard

"@devexpress/dx-grid-core@npm:4.0.8":
  version: 4.0.8
  resolution: "@devexpress/dx-grid-core@npm:4.0.8"
  peerDependencies:
    "@devexpress/dx-core": 4.0.8
  checksum: 82ec2de8874a36ac884e857eb3804658ed57728f12498baa5f0190d4d4f17e56ea1b822370bc2a608b477588e053cb39a0ad408481f9e5e150e5158c0aa7a362
  languageName: node
  linkType: hard

"@devexpress/dx-react-chart@npm:4.0.8":
  version: 4.0.8
  resolution: "@devexpress/dx-react-chart@npm:4.0.8"
  dependencies:
    "@devexpress/dx-chart-core": 4.0.8
    d3-scale: ^4.0.2
    d3-shape: ^1.3.7
  peerDependencies:
    "@devexpress/dx-react-core": 4.0.8
    react: ">=17.0.2"
    react-dom: ">=17.0.2"
  checksum: 270e859ec0f8b8c6994b3f7039fe3811ebccfad61dae28b1e3395ede310a92ddba2b13b5487ad343e4bdcdad57e9879215f7ce8b5cac69ef4a3f0a9ebd97ea36
  languageName: node
  linkType: hard

"@devexpress/dx-react-core@npm:4.0.8":
  version: 4.0.8
  resolution: "@devexpress/dx-react-core@npm:4.0.8"
  dependencies:
    "@devexpress/dx-core": 4.0.8
    prop-types: ^15.7.2
  peerDependencies:
    react: ">=17.0.2"
    react-dom: ">=17.0.2"
  checksum: cf4dc1a79da6fca36e8665264644d5a9a9da9b6b62f45a13ac43c67945fdb4c18ed189b5aee543ef1eb8807a8cdf06c9b50860ba48e6c9ff237d494447335baf
  languageName: node
  linkType: hard

"@devexpress/dx-react-grid@npm:4.0.8":
  version: 4.0.8
  resolution: "@devexpress/dx-react-grid@npm:4.0.8"
  dependencies:
    "@devexpress/dx-grid-core": 4.0.8
  peerDependencies:
    "@devexpress/dx-core": 4.0.8
    "@devexpress/dx-react-core": 4.0.8
    react: ">=17.0.2"
    react-dom: ">=17.0.2"
  checksum: e93d0cba47a6d11c97e5a6cfd1e366cf5573db7d0e0f3fc56022189a5991a595d5ecb6e07da63be8d3654484019b6449980f9e90608c248c555b13eab377f763
  languageName: node
  linkType: hard

"d3-array@npm:2 - 3, d3-array@npm:2.10.0 - 3":
  version: 3.2.4
  resolution: "d3-array@npm:3.2.4"
  dependencies:
    internmap: 1 - 2
  checksum: a5976a6d6205f69208478bb44920dd7ce3e788c9dceb86b304dbe401a4bfb42ecc8b04c20facde486e9adcb488b5d1800d49393a3f81a23902b68158e12cddd0
  languageName: node
  linkType: hard

"d3-array@npm:^2.4.0":
  version: 2.12.1
  resolution: "d3-array@npm:2.12.1"
  dependencies:
    internmap: ^1.0.0
  checksum: 97853b7b523aded17078f37c67742f45d81e88dda2107ae9994c31b9e36c5fa5556c4c4cf39650436f247813602dfe31bf7ad067ff80f127a16903827f10c6eb
  languageName: node
  linkType: hard

"d3-color@npm:1 - 3":
  version: 3.1.0
  resolution: "d3-color@npm:3.1.0"
  checksum: 4931fbfda5d7c4b5cfa283a13c91a954f86e3b69d75ce588d06cde6c3628cebfc3af2069ccf225e982e8987c612aa7948b3932163ce15eb3c11cd7c003f3ee3b
  languageName: node
  linkType: hard

"d3-format@npm:1 - 3":
  version: 3.1.0
  resolution: "d3-format@npm:3.1.0"
  checksum: f345ec3b8ad3cab19bff5dead395bd9f5590628eb97a389b1dd89f0b204c7c4fc1d9520f13231c2c7cf14b7c9a8cf10f8ef15bde2befbab41454a569bd706ca2
  languageName: node
  linkType: hard

"d3-interpolate@npm:1.2.0 - 3":
  version: 3.0.1
  resolution: "d3-interpolate@npm:3.0.1"
  dependencies:
    d3-color: 1 - 3
  checksum: a42ba314e295e95e5365eff0f604834e67e4a3b3c7102458781c477bd67e9b24b6bb9d8e41ff5521050a3f2c7c0c4bbbb6e187fd586daa3980943095b267e78b
  languageName: node
  linkType: hard

"d3-path@npm:1":
  version: 1.0.9
  resolution: "d3-path@npm:1.0.9"
  checksum: d4382573baf9509a143f40944baeff9fead136926aed6872f7ead5b3555d68925f8a37935841dd51f1d70b65a294fe35c065b0906fb6e42109295f6598fc16d0
  languageName: node
  linkType: hard

"d3-scale@npm:^4.0.2":
  version: 4.0.2
  resolution: "d3-scale@npm:4.0.2"
  dependencies:
    d3-array: 2.10.0 - 3
    d3-format: 1 - 3
    d3-interpolate: 1.2.0 - 3
    d3-time: 2.1.1 - 3
    d3-time-format: 2 - 4
  checksum: a9c770d283162c3bd11477c3d9d485d07f8db2071665f1a4ad23eec3e515e2cefbd369059ec677c9ac849877d1a765494e90e92051d4f21111aa56791c98729e
  languageName: node
  linkType: hard

"d3-shape@npm:^1.3.7":
  version: 1.3.7
  resolution: "d3-shape@npm:1.3.7"
  dependencies:
    d3-path: 1
  checksum: 46566a3ab64a25023653bf59d64e81e9e6c987e95be985d81c5cedabae5838bd55f4a201a6b69069ca862eb63594cd263cac9034afc2b0e5664dfe286c866129
  languageName: node
  linkType: hard

"d3-time-format@npm:2 - 4":
  version: 4.1.0
  resolution: "d3-time-format@npm:4.1.0"
  dependencies:
    d3-time: 1 - 3
  checksum: 7342bce28355378152bbd4db4e275405439cabba082d9cd01946d40581140481c8328456d91740b0fe513c51ec4a467f4471ffa390c7e0e30ea30e9ec98fcdf4
  languageName: node
  linkType: hard

"d3-time@npm:1 - 3, d3-time@npm:2.1.1 - 3":
  version: 3.1.0
  resolution: "d3-time@npm:3.1.0"
  dependencies:
    d3-array: 2 - 3
  checksum: 613b435352a78d9f31b7f68540788186d8c331b63feca60ad21c88e9db1989fe888f97f242322ebd6365e45ec3fb206a4324cd4ca0dfffa1d9b5feb856ba00a7
  languageName: node
  linkType: hard

"devexpress-repro@workspace:.":
  version: 0.0.0-use.local
  resolution: "devexpress-repro@workspace:."
  dependencies:
    "@devexpress/dx-core": 4.0.8
    react: 18.3.1
    react-dom: 18.3.1
  languageName: unknown
  linkType: soft

"internmap@npm:1 - 2":
  version: 2.0.3
  resolution: "internmap@npm:2.0.3"
  checksum: 7ca41ec6aba8f0072fc32fa8a023450a9f44503e2d8e403583c55714b25efd6390c38a87161ec456bf42d7bc83aab62eb28f5aef34876b1ac4e60693d5e1d241
  languageName: node
  linkType: hard

"internmap@npm:^1.0.0":
  version: 1.0.1
  resolution: "internmap@npm:1.0.1"
  checksum: 9d00f8c0cf873a24a53a5a937120dab634c41f383105e066bb318a61864e6292d24eb9516e8e7dccfb4420ec42ca474a0f28ac9a6cc82536898fa09bbbe53813
  languageName: node
  linkType: hard

"js-tokens@npm:^3.0.0 || ^4.0.0":
  version: 4.0.0
  resolution: "js-tokens@npm:4.0.0"
  checksum: 8a95213a5a77deb6cbe94d86340e8d9ace2b93bc367790b260101d2f36a2eaf4e4e22d9fa9cf459b38af3a32fb4190e638024cf82ec95ef708680e405ea7cc78
  languageName: node
  linkType: hard

"loose-envify@npm:^1.1.0, loose-envify@npm:^1.4.0":
  version: 1.4.0
  resolution: "loose-envify@npm:1.4.0"
  dependencies:
    js-tokens: ^3.0.0 || ^4.0.0
  bin:
    loose-envify: cli.js
  checksum: 6517e24e0cad87ec9888f500c5b5947032cdfe6ef65e1c1936a0c48a524b81e65542c9c3edc91c97d5bddc806ee2a985dbc79be89215d613b1de5db6d1cfe6f4
  languageName: node
  linkType: hard

"object-assign@npm:^4.1.1":
  version: 4.1.1
  resolution: "object-assign@npm:4.1.1"
  checksum: fcc6e4ea8c7fe48abfbb552578b1c53e0d194086e2e6bbbf59e0a536381a292f39943c6e9628af05b5528aa5e3318bb30d6b2e53cadaf5b8fe9e12c4b69af23f
  languageName: node
  linkType: hard

"prop-types@npm:^15.7.2":
  version: 15.8.1
  resolution: "prop-types@npm:15.8.1"
  dependencies:
    loose-envify: ^1.4.0
    object-assign: ^4.1.1
    react-is: ^16.13.1
  checksum: c056d3f1c057cb7ff8344c645450e14f088a915d078dcda795041765047fa080d38e5d626560ccaac94a4e16e3aa15f3557c1a9a8d1174530955e992c675e459
  languageName: node
  linkType: hard

"react-dom@npm:18.3.1":
  version: 18.3.1
  resolution: "react-dom@npm:18.3.1"
  dependencies:
    loose-envify: ^1.1.0
    scheduler: ^0.23.2
  peerDependencies:
    react: ^18.3.1
  checksum: 298954ecd8f78288dcaece05e88b570014d8f6dce5db6f66e6ee91448debeb59dcd31561dddb354eee47e6c1bb234669459060deb238ed0213497146e555a0b9
  languageName: node
  linkType: hard

"react-is@npm:^16.13.1":
  version: 16.13.1
  resolution: "react-is@npm:16.13.1"
  checksum: f7a19ac3496de32ca9ae12aa030f00f14a3d45374f1ceca0af707c831b2a6098ef0d6bdae51bd437b0a306d7f01d4677fcc8de7c0d331eb47ad0f46130e53c5f
  languageName: node
  linkType: hard

"react@npm:18.3.1":
  version: 18.3.1
  resolution: "react@npm:18.3.1"
  dependencies:
    loose-envify: ^1.1.0
  checksum: a27bcfa8ff7c15a1e50244ad0d0c1cb2ad4375eeffefd266a64889beea6f6b64c4966c9b37d14ee32d6c9fcd5aa6ba183b6988167ab4d127d13e7cb5b386a376
  languageName: node
  linkType: hard

"scheduler@npm:^0.23.2":
  version: 0.23.2
  resolution: "scheduler@npm:0.23.2"
  dependencies:
    loose-envify: ^1.1.0
  checksum: 3e82d1f419e240ef6219d794ff29c7ee415fbdc19e038f680a10c067108e06284f1847450a210b29bbaf97b9d8a97ced5f624c31c681248ac84c80d56ad5a2c4
  languageName: node
  linkType: hard

"sub@workspace:sub":
  version: 0.0.0-use.local
  resolution: "sub@workspace:sub"
  dependencies:
    "@devexpress/dx-core": 4.0.8
    "@devexpress/dx-grid-core": 4.0.8
    "@devexpress/dx-react-chart": 4.0.8
    "@devexpress/dx-react-core": 4.0.8
    "@devexpress/dx-react-grid": 4.0.8
    react: 18.3.1
    react-dom: 18.3.1
  languageName: unknown
  linkType: soft
